
Microsoft Visual Studio Solution File, Format Version 12.00
# Visual Studio Version 17
VisualStudioVersion = 17.11.35312.102
MinimumVisualStudioVersion = 10.0.40219.1
Project("{FAE04EC0-301F-11D3-BF4B-00C04F79EFBC}") = "Threading_DataParall", "Threading_DataParall\Threading_DataParall.csproj", "{2ED317B7-F331-49AC-92D9-ACD4099EBA14}"
EndProject
Global
	GlobalSection(SolutionConfigurationPlatforms) = preSolution
		Debug|Any CPU = Debug|Any CPU
		Release|Any CPU = Release|Any CPU
	EndGlobalSection
	GlobalSection(ProjectConfigurationPlatforms) = postSolution
		{2ED317B7-F331-49AC-92D9-ACD4099EBA14}.Debug|Any CPU.ActiveCfg = Debug|Any CPU
		{2ED317B7-F331-49AC-92D9-ACD4099EBA14}.Debug|Any CPU.Build.0 = Debug|Any CPU
		{2ED317B7-F331-49AC-92D9-ACD4099EBA14}.Release|Any CPU.ActiveCfg = Release|Any CPU
		{2ED317B7-F331-49AC-92D9-ACD4099EBA14}.Release|Any CPU.Build.0 = Release|Any CPU
	EndGlobalSection
	GlobalSection(SolutionProperties) = preSolution
		HideSolutionNode = FALSE
	EndGlobalSection
	GlobalSection(ExtensibilityGlobals) = postSolution
		SolutionGuid = {8E023710-7E94-420D-ACDE-F45E0DB7210E}
	EndGlobalSection
EndGlobal
